
Microsoft Visual Studio Solution File, Format Version 12.00
# Visual Studio Version 17
VisualStudioVersion = 17.8.34330.188
MinimumVisualStudioVersion = 10.0.40219.1
Project("{9A19103F-16F7-4668-BE54-9A1E7A4F7556}") = "HamburgerAppV1", "HamburgerAppV1\HamburgerAppV1.csproj", "{7AAB6479-A449-4C0F-B88F-DFC3DB734252}"
EndProject
Project("{2150E333-8FDC-42A3-9474-1A3956D46DE8}") = "Solution Items", "Solution Items", "{9731091B-5D98-4C1B-B647-7A9CCAD42568}"
	ProjectSection(SolutionItems) = preProject
		README.md = README.md
	EndProjectSection
EndProject
Global
	GlobalSection(SolutionConfigurationPlatforms) = preSolution
		Debug|Any CPU = Debug|Any CPU
		Release|Any CPU = Release|Any CPU
	EndGlobalSection
	GlobalSection(ProjectConfigurationPlatforms) = postSolution
		{7AAB6479-A449-4C0F-B88F-DFC3DB734252}.Debug|Any CPU.ActiveCfg = Debug|Any CPU
		{7AAB6479-A449-4C0F-B88F-DFC3DB734252}.Debug|Any CPU.Build.0 = Debug|Any CPU
		{7AAB6479-A449-4C0F-B88F-DFC3DB734252}.Release|Any CPU.ActiveCfg = Release|Any CPU
		{7AAB6479-A449-4C0F-B88F-DFC3DB734252}.Release|Any CPU.Build.0 = Release|Any CPU
	EndGlobalSection
	GlobalSection(SolutionProperties) = preSolution
		HideSolutionNode = FALSE
	EndGlobalSection
	GlobalSection(ExtensibilityGlobals) = postSolution
		SolutionGuid = {9C997398-454F-461D-B1AB-775E72912E3A}
	EndGlobalSection
EndGlobal
